// !$*UTF8*$!
{
	archiveVersion = 1;
	classes = {
	};
	objectVersion = 46;
	objects = {

/* Begin PBXBuildFile section */
		3601040A1F0200DE000FEFEB /* AppDelegate.swift in Sources */ = {isa = PBXBuildFile; fileRef = 360104091F0200DE000FEFEB /* AppDelegate.swift */; };
		3601040C1F0200DE000FEFEB /* ViewController.swift in Sources */ = {isa = PBXBuildFile; fileRef = 3601040B1F0200DE000FEFEB /* ViewController.swift */; };
		3601040F1F0200DE000FEFEB /* Main.storyboard in Resources */ = {isa = PBXBuildFile; fileRef = 3601040D1F0200DE000FEFEB /* Main.storyboard */; };
		360104121F0200DE000FEFEB /* Core_Data_Demo.xcdatamodeld in Sources */ = {isa = PBXBuildFile; fileRef = 360104101F0200DE000FEFEB /* Core_Data_Demo.xcdatamodeld */; };
		360104141F0200DE000FEFEB /* Assets.xcassets in Resources */ = {isa = PBXBuildFile; fileRef = 360104131F0200DE000FEFEB /* Assets.xcassets */; };
		360104171F0200DE000FEFEB /* LaunchScreen.storyboard in Resources */ = {isa = PBXBuildFile; fileRef = 360104151F0200DE000FEFEB /* LaunchScreen.storyboard */; };
/* End PBXBuildFile section */

/* Begin PBXFileReference section */
		360104061F0200DE000FEFEB /* Core Data Demo.app */ = {isa = PBXFileReference; explicitFileType = wrapper.application; includeInIndex = 0; path = "Core Data Demo.app"; sourceTree = BUILT_PRODUCTS_DIR; };
		360104091F0200DE000FEFEB /* AppDelegate.swift */ = {isa = PBXFileReference; lastKnownFileType = sourcecode.swift; path = AppDelegate.swift; sourceTree = "<group>"; };
		3601040B1F0200DE000FEFEB /* ViewController.swift */ = {isa = PBXFileReference; lastKnownFileType = sourcecode.swift; path = ViewController.swift; sourceTree = "<group>"; };
		3601040E1F0200DE000FEFEB /* Base */ = {isa = PBXFileReference; lastKnownFileType = file.storyboard; name = Base; path = Base.lproj/Main.storyboard; sourceTree = "<group>"; };
		360104111F0200DE000FEFEB /* Core_Data_Demo.xcdatamodel */ = {isa = PBXFileReference; lastKnownFileType = wrapper.xcdatamodel; path = Core_Data_Demo.xcdatamodel; sourceTree = "<group>"; };
		360104131F0200DE000FEFEB /* Assets.xcassets */ = {isa = PBXFileReference; lastKnownFileType = folder.assetcatalog; path = Assets.xcassets; sourceTree = "<group>"; };
		360104161F0200DE000FEFEB /* Base */ = {isa = PBXFileReference; lastKnownFileType = file.storyboard; name = Base; path = Base.lproj/LaunchScreen.storyboard; sourceTree = "<group>"; };
		360104181F0200DE000FEFEB /* Info.plist */ = {isa = PBXFileReference; lastKnownFileType = text.plist.xml; path = Info.plist; sourceTree = "<group>"; };
/* End PBXFileReference section */

/* Begin PBXFrameworksBuildPhase section */
		360104031F0200DE000FEFEB /* Frameworks */ = {
			isa = PBXFrameworksBuildPhase;
			buildActionMask = 2147483647;
			files = (
			);
			runOnlyForDeploymentPostprocessing = 0;
		};
/* End PBXFrameworksBuildPhase section */

/* Begin PBXGroup section */
		360103FD1F0200DE000FEFEB = {
			isa = PBXGroup;
			children = (
				360104081F0200DE000FEFEB /* Core Data Demo */,
				360104071F0200DE000FEFEB /* Products */,
			);
			sourceTree = "<group>";
		};
		360104071F0200DE000FEFEB /* Products */ = {
			isa = PBXGroup;
			children = (
				360104061F0200DE000FEFEB /* Core Data Demo.app */,
			);
			name = Products;
			sourceTree = "<group>";
		};
		360104081F0200DE000FEFEB /* Core Data Demo */ = {
			isa = PBXGroup;
			children = (
				360104091F0200DE000FEFEB /* AppDelegate.swift */,
				3601040B1F0200DE000FEFEB /* ViewController.swift */,
				3601040D1F0200DE000FEFEB /* Main.storyboard */,
				360104131F0200DE000FEFEB /* Assets.xcassets */,
				360104151F0200DE000FEFEB /* LaunchScreen.storyboard */,
				360104181F0200DE000FEFEB /* Info.plist */,
				360104101F0200DE000FEFEB /* Core_Data_Demo.xcdatamodeld */,
			);
			path = "Core Data Demo";
			sourceTree = "<group>";
		};
/* End PBXGroup section */

/* Begin PBXNativeTarget section */
		360104051F0200DE000FEFEB /* Core Data Demo */ = {
			isa = PBXNativeTarget;
			buildConfigurationList = 3601041B1F0200DE000FEFEB /* Build configuration list for PBXNativeTarget "Core Data Demo" */;
			buildPhases = (
				360104021F0200DE000FEFEB /* Sources */,
				360104031F0200DE000FEFEB /* Frameworks */,
				360104041F0200DE000FEFEB /* Resources */,
			);
			buildRules = (
			);
			dependencies = (
			);
			name = "Core Data Demo";
			productName = "Core Data Demo";
			productReference = 360104061F0200DE000FEFEB /* Core Data Demo.app */;
			productType = "com.apple.product-type.application";
		};
/* End PBXNativeTarget section */

/* Begin PBXProject section */
		360103FE1F0200DE000FEFEB /* Project object */ = {
			isa = PBXProject;
			attributes = {
				LastSwiftUpdateCheck = 0830;
				LastUpgradeCheck = 0830;
				ORGANIZATIONNAME = George;
				TargetAttributes = {
					360104051F0200DE000FEFEB = {
						CreatedOnToolsVersion = 8.3.3;
						ProvisioningStyle = Automatic;
					};
				};
			};
			buildConfigurationList = 360104011F0200DE000FEFEB /* Build configuration list for PBXProject "Core Data Demo" */;
			compatibilityVersion = "Xcode 3.2";
			developmentRegion = English;
			hasScannedForEncodings = 0;
			knownRegions = (
				en,
				Base,
			);
			mainGroup = 360103FD1F0200DE000FEFEB;
			productRefGroup = 360104071F0200DE000FEFEB /* Products */;
			projectDirPath = "";
			projectRoot = "";
			targets = (
				360104051F0200DE000FEFEB /* Core Data Demo */,
			);
		};
/* End PBXProject section */

/* Begin PBXResourcesBuildPhase section */
		360104041F0200DE000FEFEB /* Resources */ = {
			isa = PBXResourcesBuildPhase;
			buildActionMask = 2147483647;
			files = (
				360104171F0200DE000FEFEB /* LaunchScreen.storyboard in Resources */,
				360104141F0200DE000FEFEB /* Assets.xcassets in Resources */,
				3601040F1F0200DE000FEFEB /* Main.storyboard in Resources */,
			);
			runOnlyForDeploymentPostprocessing = 0;
		};
/* End PBXResourcesBuildPhase section */

/* Begin PBXSourcesBuildPhase section */
		360104021F0200DE000FEFEB /* Sources */ = {
			isa = PBXSourcesBuildPhase;
			buildActionMask = 2147483647;
			files = (
				3601040C1F0200DE000FEFEB /* ViewController.swift in Sources */,
				360104121F0200DE000FEFEB /* Core_Data_Demo.xcdatamodeld in Sources */,
				3601040A1F0200DE000FEFEB /* AppDelegate.swift in Sources */,
			);
			runOnlyForDeploymentPostprocessing = 0;
		};
/* End PBXSourcesBuildPhase section */

/* Begin PBXVariantGroup section */
		3601040D1F0200DE000FEFEB /* Main.storyboard */ = {
			isa = PBXVariantGroup;
			children = (
				3601040E1F0200DE000FEFEB /* Base */,
			);
			name = Main.storyboard;
			sourceTree = "<group>";
		};
		360104151F0200DE000FEFEB /* LaunchScreen.storyboard */ = {
			isa = PBXVariantGroup;
			children = (
				360104161F0200DE000FEFEB /* Base */,
			);
			name = LaunchScreen.storyboard;
			sourceTree = "<group>";
		};
/* End PBXVariantGroup section */

/* Begin XCBuildConfiguration section */
		360104191F0200DE000FEFEB /* Debug */ = {
			isa = XCBuildConfiguration;
			buildSettings = {
				ALWAYS_SEARCH_USER_PATHS = NO;
				CLANG_ANALYZER_NONNULL = YES;
				CLANG_ANALYZER_NUMBER_OBJECT_CONVERSION = YES_AGGRESSIVE;
				CLANG_CXX_LANGUAGE_STANDARD = "gnu++0x";
				CLANG_CXX_LIBRARY = "libc++";
				CLANG_ENABLE_MODULES = YES;
				CLANG_ENABLE_OBJC_ARC = YES;
				CLANG_WARN_BOOL_CONVERSION = YES;
				CLANG_WARN_CONSTANT_CONVERSION = YES;
				CLANG_WARN_DIRECT_OBJC_ISA_USAGE = YES_ERROR;
				CLANG_WARN_DOCUMENTATION_COMMENTS = YES;
				CLANG_WARN_EMPTY_BODY = YES;
				CLANG_WARN_ENUM_CONVERSION = YES;
				CLANG_WARN_INFINITE_RECURSION = YES;
				CLANG_WARN_INT_CONVERSION = YES;
				CLANG_WARN_OBJC_ROOT_CLASS = YES_ERROR;
				CLANG_WARN_SUSPICIOUS_MOVE = YES;
				CLANG_WARN_UNREACHABLE_CODE = YES;
				CLANG_WARN__DUPLICATE_METHOD_MATCH = YES;
				"CODE_SIGN_IDENTITY[sdk=iphoneos*]" = "iPhone Developer";
				COPY_PHASE_STRIP = NO;
				DEBUG_INFORMATION_FORMAT = dwarf;
				ENABLE_STRICT_OBJC_MSGSEND = YES;
				ENABLE_TESTABILITY = YES;
				GCC_C_LANGUAGE_STANDARD = gnu99;
				GCC_DYNAMIC_NO_PIC = NO;
				GCC_NO_COMMON_BLOCKS = YES;
				GCC_OPTIMIZATION_LEVEL = 0;
				GCC_PREPROCESSOR_DEFINITIONS = (
					"DEBUG=1",
					"$(inherited)",
				);
				GCC_WARN_64_TO_32_BIT_CONVERSION = YES;
				GCC_WARN_ABOUT_RETURN_TYPE = YES_ERROR;
				GCC_WARN_UNDECLARED_SELECTOR = YES;
				GCC_WARN_UNINITIALIZED_AUTOS = YES_AGGRESSIVE;
				GCC_WARN_UNUSED_FUNCTION = YES;
				GCC_WARN_UNUSED_VARIABLE = YES;
				IPHONEOS_DEPLOYMENT_TARGET = 10.3;
				MTL_ENABLE_DEBUG_INFO = YES;
				ONLY_ACTIVE_ARCH = YES;
				SDKROOT = iphoneos;
				SWIFT_ACTIVE_COMPILATION_CONDITIONS = DEBUG;
				SWIFT_OPTIMIZATION_LEVEL = "-Onone";
			};
			name = Debug;
		};
		3601041A1F0200DE000FEFEB /* Release */ = {
			isa = XCBuildConfiguration;
			buildSettings = {
				ALWAYS_SEARCH_USER_PATHS = NO;
				CLANG_ANALYZER_NONNULL = YES;
				CLANG_ANALYZER_NUMBER_OBJECT_CONVERSION = YES_AGGRESSIVE;
				CLANG_CXX_LANGUAGE_STANDARD = "gnu++0x";
				CLANG_CXX_LIBRARY = "libc++";
				CLANG_ENABLE_MODULES = YES;
				CLANG_ENABLE_OBJC_ARC = YES;
				CLANG_WARN_BOOL_CONVERSION = YES;
				CLANG_WARN_CONSTANT_CONVERSION = YES;
				CLANG_WARN_DIRECT_OBJC_ISA_USAGE = YES_ERROR;
				CLANG_WARN_DOCUMENTATION_COMMENTS = YES;
				CLANG_WARN_EMPTY_BODY = YES;
				CLANG_WARN_ENUM_CONVERSION = YES;
				CLANG_WARN_INFINITE_RECURSION = YES;
				CLANG_WARN_INT_CONVERSION = YES;
				CLANG_WARN_OBJC_ROOT_CLASS = YES_ERROR;
				CLANG_WARN_SUSPICIOUS_MOVE = YES;
				CLANG_WARN_UNREACHABLE_CODE = YES;
				CLANG_WARN__DUPLICATE_METHOD_MATCH = YES;
				"CODE_SIGN_IDENTITY[sdk=iphoneos*]" = "iPhone Developer";
				COPY_PHASE_STRIP = NO;
				DEBUG_INFORMATION_FORMAT = "dwarf-with-dsym";
				ENABLE_NS_ASSERTIONS = NO;
				ENABLE_STRICT_OBJC_MSGSEND = YES;
				GCC_C_LANGUAGE_STANDARD = gnu99;
				GCC_NO_COMMON_BLOCKS = YES;
				GCC_WARN_64_TO_32_BIT_CONVERSION = YES;
				GCC_WARN_ABOUT_RETURN_TYPE = YES_ERROR;
				GCC_WARN_UNDECLARED_SELECTOR = YES;
				GCC_WARN_UNINITIALIZED_AUTOS = YES_AGGRESSIVE;
				GCC_WARN_UNUSED_FUNCTION = YES;
				GCC_WARN_UNUSED_VARIABLE = YES;
				IPHONEOS_DEPLOYMENT_TARGET = 10.3;
				MTL_ENABLE_DEBUG_INFO = NO;
				SDKROOT = iphoneos;
				SWIFT_OPTIMIZATION_LEVEL = "-Owholemodule";
				VALIDATE_PRODUCT = YES;
			};
			name = Release;
		};
		3601041C1F0200DE000FEFEB /* Debug */ = {
			isa = XCBuildConfiguration;
			buildSettings = {
				ASSETCATALOG_COMPILER_APPICON_NAME = AppIcon;
				INFOPLIST_FILE = "Core Data Demo/Info.plist";
				LD_RUNPATH_SEARCH_PATHS = "$(inherited) @executable_path/Frameworks";
				PRODUCT_BUNDLE_IDENTIFIER = "com.gee.Core-Data-Demo";
				PRODUCT_NAME = "$(TARGET_NAME)";
				SWIFT_VERSION = 3.0;
			};
			name = Debug;
		};
		3601041D1F0200DE000FEFEB /* Release */ = {
			isa = XCBuildConfiguration;
			buildSettings = {
				ASSETCATALOG_COMPILER_APPICON_NAME = AppIcon;
				INFOPLIST_FILE = "Core Data Demo/Info.plist";
				LD_RUNPATH_SEARCH_PATHS = "$(inherited) @executable_path/Frameworks";
				PRODUCT_BUNDLE_IDENTIFIER = "com.gee.Core-Data-Demo";
				PRODUCT_NAME = "$(TARGET_NAME)";
				SWIFT_VERSION = 3.0;
			};
			name = Release;
		};
/* End XCBuildConfiguration section */

/* Begin XCConfigurationList section */
		360104011F0200DE000FEFEB /* Build configuration list for PBXProject "Core Data Demo" */ = {
			isa = XCConfigurationList;
			buildConfigurations = (
				360104191F0200DE000FEFEB /* Debug */,
				3601041A1F0200DE000FEFEB /* Release */,
			);
			defaultConfigurationIsVisible = 0;
			defaultConfigurationName = Release;
		};
		3601041B1F0200DE000FEFEB /* Build configuration list for PBXNativeTarget "Core Data Demo" */ = {
			isa = XCConfigurationList;
			buildConfigurations = (
				3601041C1F0200DE000FEFEB /* Debug */,
				3601041D1F0200DE000FEFEB /* Release */,
			);
			defaultConfigurationIsVisible = 0;
		};
/* End XCConfigurationList section */

/* Begin XCVersionGroup section */
		360104101F0200DE000FEFEB /* Core_Data_Demo.xcdatamodeld */ = {
			isa = XCVersionGroup;
			children = (
				360104111F0200DE000FEFEB /* Core_Data_Demo.xcdatamodel */,
			);
			currentVersion = 360104111F0200DE000FEFEB /* Core_Data_Demo.xcdatamodel */;
			path = Core_Data_Demo.xcdatamodeld;
			sourceTree = "<group>";
			versionGroupType = wrapper.xcdatamodel;
		};
/* End XCVersionGroup section */
	};
	rootObject = 360103FE1F0200DE000FEFEB /* Project object */;
}
